
Microsoft Visual Studio Solution File, Format Version 12.00
# Visual Studio Version 17
VisualStudioVersion = 17.4.33205.214
MinimumVisualStudioVersion = 10.0.40219.1
Project("{9A19103F-16F7-4668-BE54-9A1E7A4F7556}") = "LegoTrainManager", "LegoTrainManager\LegoTrainManager.csproj", "{A10F670B-3CFA-4706-8EB6-77D468BCCBEF}"
EndProject
Global
	GlobalSection(SolutionConfigurationPlatforms) = preSolution
		Debug|Any CPU = Debug|Any CPU
		Release|Any CPU = Release|Any CPU
	EndGlobalSection
	GlobalSection(ProjectConfigurationPlatforms) = postSolution
		{A10F670B-3CFA-4706-8EB6-77D468BCCBEF}.Debug|Any CPU.ActiveCfg = Debug|Any CPU
		{A10F670B-3CFA-4706-8EB6-77D468BCCBEF}.Debug|Any CPU.Build.0 = Debug|Any CPU
		{A10F670B-3CFA-4706-8EB6-77D468BCCBEF}.Release|Any CPU.ActiveCfg = Release|Any CPU
		{A10F670B-3CFA-4706-8EB6-77D468BCCBEF}.Release|Any CPU.Build.0 = Release|Any CPU
	EndGlobalSection
	GlobalSection(SolutionProperties) = preSolution
		HideSolutionNode = FALSE
	EndGlobalSection
	GlobalSection(ExtensibilityGlobals) = postSolution
		SolutionGuid = {FF3A1A9F-0C7B-4F52-9BDF-5D025D848BB2}
	EndGlobalSection
EndGlobal
